
Microsoft Visual Studio Solution File, Format Version 12.00
# Visual Studio Version 17
VisualStudioVersion = 17.0.31912.275
MinimumVisualStudioVersion = 10.0.40219.1
Project("{FAE04EC0-301F-11D3-BF4B-00C04F79EFBC}") = "The3n+1Problem", "The3n+1Problem\The3n+1Problem.csproj", "{C012CC7F-1A63-49DF-9BB2-7AD53FF3DB96}"
EndProject
Global
	GlobalSection(SolutionConfigurationPlatforms) = preSolution
		Debug|Any CPU = Debug|Any CPU
		Release|Any CPU = Release|Any CPU
	EndGlobalSection
	GlobalSection(ProjectConfigurationPlatforms) = postSolution
		{C012CC7F-1A63-49DF-9BB2-7AD53FF3DB96}.Debug|Any CPU.ActiveCfg = Debug|Any CPU
		{C012CC7F-1A63-49DF-9BB2-7AD53FF3DB96}.Debug|Any CPU.Build.0 = Debug|Any CPU
		{C012CC7F-1A63-49DF-9BB2-7AD53FF3DB96}.Release|Any CPU.ActiveCfg = Release|Any CPU
		{C012CC7F-1A63-49DF-9BB2-7AD53FF3DB96}.Release|Any CPU.Build.0 = Release|Any CPU
	EndGlobalSection
	GlobalSection(SolutionProperties) = preSolution
		HideSolutionNode = FALSE
	EndGlobalSection
	GlobalSection(ExtensibilityGlobals) = postSolution
		SolutionGuid = {F8FE8B2B-F83A-4630-A5EF-DC6A47C1E696}
	EndGlobalSection
EndGlobal
