
Microsoft Visual Studio Solution File, Format Version 12.00
# Visual Studio Version 17
VisualStudioVersion = 17.0.31912.275
MinimumVisualStudioVersion = 10.0.40219.1
Project("{FAE04EC0-301F-11D3-BF4B-00C04F79EFBC}") = "The3n+1", "The3n+1\The3n+1.csproj", "{D77F432C-D0FA-4DC7-9DD0-BBA7B2E59382}"
EndProject
Global
	GlobalSection(SolutionConfigurationPlatforms) = preSolution
		Debug|Any CPU = Debug|Any CPU
		Release|Any CPU = Release|Any CPU
	EndGlobalSection
	GlobalSection(ProjectConfigurationPlatforms) = postSolution
		{D77F432C-D0FA-4DC7-9DD0-BBA7B2E59382}.Debug|Any CPU.ActiveCfg = Debug|Any CPU
		{D77F432C-D0FA-4DC7-9DD0-BBA7B2E59382}.Debug|Any CPU.Build.0 = Debug|Any CPU
		{D77F432C-D0FA-4DC7-9DD0-BBA7B2E59382}.Release|Any CPU.ActiveCfg = Release|Any CPU
		{D77F432C-D0FA-4DC7-9DD0-BBA7B2E59382}.Release|Any CPU.Build.0 = Release|Any CPU
	EndGlobalSection
	GlobalSection(SolutionProperties) = preSolution
		HideSolutionNode = FALSE
	EndGlobalSection
	GlobalSection(ExtensibilityGlobals) = postSolution
		SolutionGuid = {713A22C8-4A41-4904-81F2-FDA0878EF4F4}
	EndGlobalSection
EndGlobal
